
Microsoft Visual Studio Solution File, Format Version 12.00
# Visual Studio Version 16
VisualStudioVersion = 16.0.32602.291
MinimumVisualStudioVersion = 10.0.40219.1
Project("{FAE04EC0-301F-11D3-BF4B-00C04F79EFBC}") = "WebAppDog", "WebAppDog\WebAppDog.csproj", "{99CA39CB-984D-4F64-A399-FF5BF5D742E5}"
EndProject
Global
	GlobalSection(SolutionConfigurationPlatforms) = preSolution
		Debug|Any CPU = Debug|Any CPU
		Release|Any CPU = Release|Any CPU
	EndGlobalSection
	GlobalSection(ProjectConfigurationPlatforms) = postSolution
		{99CA39CB-984D-4F64-A399-FF5BF5D742E5}.Debug|Any CPU.ActiveCfg = Debug|Any CPU
		{99CA39CB-984D-4F64-A399-FF5BF5D742E5}.Debug|Any CPU.Build.0 = Debug|Any CPU
		{99CA39CB-984D-4F64-A399-FF5BF5D742E5}.Release|Any CPU.ActiveCfg = Release|Any CPU
		{99CA39CB-984D-4F64-A399-FF5BF5D742E5}.Release|Any CPU.Build.0 = Release|Any CPU
	EndGlobalSection
	GlobalSection(SolutionProperties) = preSolution
		HideSolutionNode = FALSE
	EndGlobalSection
	GlobalSection(ExtensibilityGlobals) = postSolution
		SolutionGuid = {A781A04F-7B0B-4404-8D3B-2D7F5B85A064}
	EndGlobalSection
EndGlobal
