
Microsoft Visual Studio Solution File, Format Version 12.00
# Visual Studio Version 16
VisualStudioVersion = 16.0.32602.291
MinimumVisualStudioVersion = 10.0.40219.1
Project("{FAE04EC0-301F-11D3-BF4B-00C04F79EFBC}") = "AirLineTicketsApp", "AirLineTicketsApp\AirLineTicketsApp.csproj", "{8528C0A1-1D95-4F2D-A960-2C3A7B310ECD}"
EndProject
Global
	GlobalSection(SolutionConfigurationPlatforms) = preSolution
		Debug|Any CPU = Debug|Any CPU
		Release|Any CPU = Release|Any CPU
	EndGlobalSection
	GlobalSection(ProjectConfigurationPlatforms) = postSolution
		{8528C0A1-1D95-4F2D-A960-2C3A7B310ECD}.Debug|Any CPU.ActiveCfg = Debug|Any CPU
		{8528C0A1-1D95-4F2D-A960-2C3A7B310ECD}.Debug|Any CPU.Build.0 = Debug|Any CPU
		{8528C0A1-1D95-4F2D-A960-2C3A7B310ECD}.Release|Any CPU.ActiveCfg = Release|Any CPU
		{8528C0A1-1D95-4F2D-A960-2C3A7B310ECD}.Release|Any CPU.Build.0 = Release|Any CPU
	EndGlobalSection
	GlobalSection(SolutionProperties) = preSolution
		HideSolutionNode = FALSE
	EndGlobalSection
	GlobalSection(ExtensibilityGlobals) = postSolution
		SolutionGuid = {8E1164E4-56CE-44FA-9ABC-FBC877FDD424}
	EndGlobalSection
EndGlobal
